{
  "name": "Offerly",
  "lockfileVersion": 3,
  "requires": true,
  "packages": {
    "": {
      "dependencies": {
        "hono": "^4.13.1"
      }
    },
    "node_modules/hono": {
      "version": "4.13.1",
      "resolved": "https://registry.npmjs.org/hono/-/hono-4.13.1.tgz",
      "integrity": "sha512-kdJoFVv2xmayw6cY09H7AbMJMt8Jn5jdlEdXsP7AGBdF2DIptVlKlOLKXP41yPip4/a3yQPv9gVcJYI8YY04dw==",
      "license": "MIT",
      "engines": {
        "node": ">=16.9.0"
      }
    }
  }
}
